{
  "version": 4,
  "terraform_version": "1.9.7",
  "serial": 1,
  "lineage": "b2159ebf-a0ca-fa27-166e-9876f44e6c36",
  "outputs": {},
  "resources": [
    {
      "mode": "managed",
      "type": "local_file",
      "name": "test",
      "provider": "provider[\"registry.terraform.io/hashicorp/local\"]",
      "instances": [
        {
          "schema_version": 0,
          "attributes": {
            "content": "this is first file",
            "content_base64": null,
            "content_base64sha256": "Jhwx5NYKgoZJQ9jRs2GpbPEk5NVDI+RZiYE4Q2iXL88=",
            "content_base64sha512": "bC2ODvvaEUzJZFreqncEQ4eEGTqsavrcZVc87QgHc31/lW2nl1XpLOV7UySvn9uW0UmXsepy7bPKT6iRflr1lw==",
            "content_md5": "9021a9e446a7e17bb2a807b319e0e3cc",
            "content_sha1": "64607ae323ba8560948ff99b03fd37fb488db9a2",
            "content_sha256": "261c31e4d60a82864943d8d1b361a96cf124e4d54323e4598981384368972fcf",
            "content_sha512": "6c2d8e0efbda114cc9645adeaa7704438784193aac6afadc65573ced0807737d7f956da79755e92ce57b5324af9fdb96d14997b1ea72edb3ca4fa8917e5af597",
            "directory_permission": "0777",
            "file_permission": "0777",
            "filename": "abc.txt",
            "id": "64607ae323ba8560948ff99b03fd37fb488db9a2",
            "sensitive_content": null,
            "source": null
          },
          "sensitive_attributes": [
            [
              {
                "type": "get_attr",
                "value": "sensitive_content"
              }
            ]
          ]
        }
      ]
    }
  ],
  "check_results": null
}
